{
  "object": {
    "pins": [
      {
        "package": "combine-schedulers",
        "repositoryURL": "https://github.com/pointfreeco/combine-schedulers",
        "state": {
          "branch": null,
          "revision": "ff42ec9061d864de7982162011321d3df5080c10",
          "version": "0.1.2"
        }
      },
      {
        "package": "swift-case-paths",
        "repositoryURL": "https://github.com/pointfreeco/swift-case-paths",
        "state": {
          "branch": null,
          "revision": "ed1838ab4fa5d47db8aa640736dd5b7672548873",
          "version": "0.1.2"
        }
      },
      {
        "package": "swift-composable-architecture",
        "repositoryURL": "https://github.com/pointfreeco/swift-composable-architecture.git",
        "state": {
          "branch": null,
          "revision": "b67569f69813140cd9c984db33ee959d9711a008",
          "version": "0.9.0"
        }
      },
      {
        "package": "NonEmpty",
        "repositoryURL": "https://github.com/pointfreeco/swift-nonempty.git",
        "state": {
          "branch": null,
          "revision": "9ef8c4aea57b8da7fedd5303d29470ea2a00c08d",
          "version": "0.2.2"
        }
      },
      {
        "package": "Validated",
        "repositoryURL": "https://github.com/pointfreeco/swift-validated",
        "state": {
          "branch": null,
          "revision": "e9685ce68943c9e9d26f9f999c64823dea3ef0e7",
          "version": "0.2.1"
        }
      }
    ]
  },
  "version": 1
}
